// !$*UTF8*$!
{
	archiveVersion = 1;
	classes = {
	};
	objectVersion = 46;
	objects = {

/* Begin PBXBuildFile section */
		021AB8581918176100635CBE /* MembershipCardViewController2.m in Sources */ = {isa = PBXBuildFile; fileRef = 021AB8571918176100635CBE /* MembershipCardViewController2.m */; };
		021E41BC190EDAFA00091B26 /* OneCardViewController.m in Sources */ = {isa = PBXBuildFile; fileRef = 021E41BB190EDAFA00091B26 /* OneCardViewController.m */; };
		021E41E0190EDF6300091B26 /* 0_full.JPG in Resources */ = {isa = PBXBuildFile; fileRef = 021E41C0190EDF6300091B26 /* 0_full.JPG */; };
		021E41E1190EDF6300091B26 /* 10_full.JPG in Resources */ = {isa = PBXBuildFile; fileRef = 021E41C1190EDF6300091B26 /* 10_full.JPG */; };
		021E41E2190EDF6300091B26 /* 11_full.JPG in Resources */ = {isa = PBXBuildFile; fileRef = 021E41C2190EDF6300091B26 /* 11_full.JPG */; };
		021E41E3190EDF6300091B26 /* 12_full.JPG in Resources */ = {isa = PBXBuildFile; fileRef = 021E41C3190EDF6300091B26 /* 12_full.JPG */; };
		021E41E4190EDF6300091B26 /* 13_full.JPG in Resources */ = {isa = PBXBuildFile; fileRef = 021E41C4190EDF6300091B26 /* 13_full.JPG */; };
		021E41E5190EDF6300091B26 /* 14_full.JPG in Resources */ = {isa = PBXBuildFile; fileRef = 021E41C5190EDF6300091B26 /* 14_full.JPG */; };
		021E41E6190EDF6300091B26 /* 15_full.JPG in Resources */ = {isa = PBXBuildFile; fileRef = 021E41C6190EDF6300091B26 /* 15_full.JPG */; };
		021E41E7190EDF6300091B26 /* 16_full.JPG in Resources */ = {isa = PBXBuildFile; fileRef = 021E41C7190EDF6300091B26 /* 16_full.JPG */; };
		021E41E8190EDF6300091B26 /* 17_full.JPG in Resources */ = {isa = PBXBuildFile; fileRef = 021E41C8190EDF6300091B26 /* 17_full.JPG */; };
		021E41E9190EDF6300091B26 /* 18_full.JPG in Resources */ = {isa = PBXBuildFile; fileRef = 021E41C9190EDF6300091B26 /* 18_full.JPG */; };
		021E41EA190EDF6300091B26 /* 19_full.JPG in Resources */ = {isa = PBXBuildFile; fileRef = 021E41CA190EDF6300091B26 /* 19_full.JPG */; };
		021E41EB190EDF6300091B26 /* 1_full.JPG in Resources */ = {isa = PBXBuildFile; fileRef = 021E41CB190EDF6300091B26 /* 1_full.JPG */; };
		021E41EC190EDF6300091B26 /* 20_full.JPG in Resources */ = {isa = PBXBuildFile; fileRef = 021E41CC190EDF6300091B26 /* 20_full.JPG */; };
		021E41ED190EDF6300091B26 /* 21_full.JPG in Resources */ = {isa = PBXBuildFile; fileRef = 021E41CD190EDF6300091B26 /* 21_full.JPG */; };
		021E41EE190EDF6300091B26 /* 22_full.JPG in Resources */ = {isa = PBXBuildFile; fileRef = 021E41CE190EDF6300091B26 /* 22_full.JPG */; };
		021E41EF190EDF6300091B26 /* 23_full.JPG in Resources */ = {isa = PBXBuildFile; fileRef = 021E41CF190EDF6300091B26 /* 23_full.JPG */; };
		021E41F0190EDF6300091B26 /* 24_full.JPG in Resources */ = {isa = PBXBuildFile; fileRef = 021E41D0190EDF6300091B26 /* 24_full.JPG */; };
		021E41F1190EDF6300091B26 /* 25_full.JPG in Resources */ = {isa = PBXBuildFile; fileRef = 021E41D1190EDF6300091B26 /* 25_full.JPG */; };
		021E41F2190EDF6300091B26 /* 26_full.JPG in Resources */ = {isa = PBXBuildFile; fileRef = 021E41D2190EDF6300091B26 /* 26_full.JPG */; };
		021E41F3190EDF6300091B26 /* 27_full.JPG in Resources */ = {isa = PBXBuildFile; fileRef = 021E41D3190EDF6300091B26 /* 27_full.JPG */; };
		021E41F4190EDF6300091B26 /* 28_full.JPG in Resources */ = {isa = PBXBuildFile; fileRef = 021E41D4190EDF6300091B26 /* 28_full.JPG */; };
		021E41F5190EDF6300091B26 /* 29_full.JPG in Resources */ = {isa = PBXBuildFile; fileRef = 021E41D5190EDF6300091B26 /* 29_full.JPG */; };
		021E41F6190EDF6300091B26 /* 2_full.JPG in Resources */ = {isa = PBXBuildFile; fileRef = 021E41D6190EDF6300091B26 /* 2_full.JPG */; };
		021E41F7190EDF6300091B26 /* 30_full.JPG in Resources */ = {isa = PBXBuildFile; fileRef = 021E41D7190EDF6300091B26 /* 30_full.JPG */; };
		021E41F8190EDF6300091B26 /* 31_full.JPG in Resources */ = {isa = PBXBuildFile; fileRef = 021E41D8190EDF6300091B26 /* 31_full.JPG */; };
		021E41F9190EDF6300091B26 /* 3_full.JPG in Resources */ = {isa = PBXBuildFile; fileRef = 021E41D9190EDF6300091B26 /* 3_full.JPG */; };
		021E41FA190EDF6300091B26 /* 4_full.JPG in Resources */ = {isa = PBXBuildFile; fileRef = 021E41DA190EDF6300091B26 /* 4_full.JPG */; };
		021E41FB190EDF6300091B26 /* 5_full.JPG in Resources */ = {isa = PBXBuildFile; fileRef = 021E41DB190EDF6300091B26 /* 5_full.JPG */; };
		021E41FC190EDF6300091B26 /* 6_full.JPG in Resources */ = {isa = PBXBuildFile; fileRef = 021E41DC190EDF6300091B26 /* 6_full.JPG */; };
		021E41FD190EDF6300091B26 /* 7_full.JPG in Resources */ = {isa = PBXBuildFile; fileRef = 021E41DD190EDF6300091B26 /* 7_full.JPG */; };
		021E41FE190EDF6300091B26 /* 8_full.JPG in Resources */ = {isa = PBXBuildFile; fileRef = 021E41DE190EDF6300091B26 /* 8_full.JPG */; };
		021E41FF190EDF6300091B26 /* 9_full.JPG in Resources */ = {isa = PBXBuildFile; fileRef = 021E41DF190EDF6300091B26 /* 9_full.JPG */; };
		021E4221190EDF6900091B26 /* 0.JPG in Resources */ = {isa = PBXBuildFile; fileRef = 021E4201190EDF6900091B26 /* 0.JPG */; };
		021E4222190EDF6900091B26 /* 1.JPG in Resources */ = {isa = PBXBuildFile; fileRef = 021E4202190EDF6900091B26 /* 1.JPG */; };
		021E4223190EDF6900091B26 /* 10.JPG in Resources */ = {isa = PBXBuildFile; fileRef = 021E4203190EDF6900091B26 /* 10.JPG */; };
		021E4224190EDF6900091B26 /* 11.JPG in Resources */ = {isa = PBXBuildFile; fileRef = 021E4204190EDF6900091B26 /* 11.JPG */; };
		021E4225190EDF6900091B26 /* 12.JPG in Resources */ = {isa = PBXBuildFile; fileRef = 021E4205190EDF6900091B26 /* 12.JPG */; };
		021E4226190EDF6900091B26 /* 13.JPG in Resources */ = {isa = PBXBuildFile; fileRef = 021E4206190EDF6900091B26 /* 13.JPG */; };
		021E4227190EDF6900091B26 /* 14.JPG in Resources */ = {isa = PBXBuildFile; fileRef = 021E4207190EDF6900091B26 /* 14.JPG */; };
		021E4228190EDF6900091B26 /* 15.JPG in Resources */ = {isa = PBXBuildFile; fileRef = 021E4208190EDF6900091B26 /* 15.JPG */; };
		021E4229190EDF6900091B26 /* 16.JPG in Resources */ = {isa = PBXBuildFile; fileRef = 021E4209190EDF6900091B26 /* 16.JPG */; };
		021E422A190EDF6900091B26 /* 17.JPG in Resources */ = {isa = PBXBuildFile; fileRef = 021E420A190EDF6900091B26 /* 17.JPG */; };
		021E422B190EDF6900091B26 /* 18.JPG in Resources */ = {isa = PBXBuildFile; fileRef = 021E420B190EDF6900091B26 /* 18.JPG */; };
		021E422C190EDF6900091B26 /* 19.JPG in Resources */ = {isa = PBXBuildFile; fileRef = 021E420C190EDF6900091B26 /* 19.JPG */; };
		021E422D190EDF6900091B26 /* 2.JPG in Resources */ = {isa = PBXBuildFile; fileRef = 021E420D190EDF6900091B26 /* 2.JPG */; };
		021E422E190EDF6900091B26 /* 20.JPG in Resources */ = {isa = PBXBuildFile; fileRef = 021E420E190EDF6900091B26 /* 20.JPG */; };
		021E422F190EDF6900091B26 /* 21.JPG in Resources */ = {isa = PBXBuildFile; fileRef = 021E420F190EDF6900091B26 /* 21.JPG */; };
		021E4230190EDF6900091B26 /* 22.JPG in Resources */ = {isa = PBXBuildFile; fileRef = 021E4210190EDF6900091B26 /* 22.JPG */; };
		021E4231190EDF6900091B26 /* 23.JPG in Resources */ = {isa = PBXBuildFile; fileRef = 021E4211190EDF6900091B26 /* 23.JPG */; };
		021E4232190EDF6900091B26 /* 24.JPG in Resources */ = {isa = PBXBuildFile; fileRef = 021E4212190EDF6900091B26 /* 24.JPG */; };
		021E4233190EDF6900091B26 /* 25.JPG in Resources */ = {isa = PBXBuildFile; fileRef = 021E4213190EDF6900091B26 /* 25.JPG */; };
		021E4234190EDF6900091B26 /* 26.JPG in Resources */ = {isa = PBXBuildFile; fileRef = 021E4214190EDF6900091B26 /* 26.JPG */; };
		021E4235190EDF6900091B26 /* 27.JPG in Resources */ = {isa = PBXBuildFile; fileRef = 021E4215190EDF6900091B26 /* 27.JPG */; };
		021E4236190EDF6900091B26 /* 28.JPG in Resources */ = {isa = PBXBuildFile; fileRef = 021E4216190EDF6900091B26 /* 28.JPG */; };
		021E4237190EDF6900091B26 /* 29.JPG in Resources */ = {isa = PBXBuildFile; fileRef = 021E4217190EDF6900091B26 /* 29.JPG */; };
		021E4238190EDF6900091B26 /* 3.JPG in Resources */ = {isa = PBXBuildFile; fileRef = 021E4218190EDF6900091B26 /* 3.JPG */; };
		021E4239190EDF6900091B26 /* 30.JPG in Resources */ = {isa = PBXBuildFile; fileRef = 021E4219190EDF6900091B26 /* 30.JPG */; };
		021E423A190EDF6900091B26 /* 31.JPG in Resources */ = {isa = PBXBuildFile; fileRef = 021E421A190EDF6900091B26 /* 31.JPG */; };
		021E423B190EDF6900091B26 /* 4.JPG in Resources */ = {isa = PBXBuildFile; fileRef = 021E421B190EDF6900091B26 /* 4.JPG */; };
		021E423C190EDF6900091B26 /* 5.JPG in Resources */ = {isa = PBXBuildFile; fileRef = 021E421C190EDF6900091B26 /* 5.JPG */; };
		021E423D190EDF6900091B26 /* 6.JPG in Resources */ = {isa = PBXBuildFile; fileRef = 021E421D190EDF6900091B26 /* 6.JPG */; };
		021E423E190EDF6900091B26 /* 7.JPG in Resources */ = {isa = PBXBuildFile; fileRef = 021E421E190EDF6900091B26 /* 7.JPG */; };
		021E423F190EDF6900091B26 /* 8.JPG in Resources */ = {isa = PBXBuildFile; fileRef = 021E421F190EDF6900091B26 /* 8.JPG */; };
		021E4240190EDF6900091B26 /* 9.JPG in Resources */ = {isa = PBXBuildFile; fileRef = 021E4220190EDF6900091B26 /* 9.JPG */; };
		021F272F193971D20015AEC2 /* QuartzCore.framework in Frameworks */ = {isa = PBXBuildFile; fileRef = 021F272E193971D20015AEC2 /* QuartzCore.framework */; };
		021F273519399B960015AEC2 /* settingTableViewController.m in Sources */ = {isa = PBXBuildFile; fileRef = 021F273419399B960015AEC2 /* settingTableViewController.m */; };
		021F273819399DFC0015AEC2 /* UnsupportViewController.m in Sources */ = {isa = PBXBuildFile; fileRef = 021F273719399DFC0015AEC2 /* UnsupportViewController.m */; };
		021F273F193C1D200015AEC2 /* LXReorderableCollectionViewFlowLayout.m in Sources */ = {isa = PBXBuildFile; fileRef = 021F273E193C1D200015AEC2 /* LXReorderableCollectionViewFlowLayout.m */; };
		021F2754193D02920015AEC2 /* ShareDriver.m in Sources */ = {isa = PBXBuildFile; fileRef = 021F2753193D02920015AEC2 /* ShareDriver.m */; };
		023978B31911A8CF007548F3 /* MyPageViewController.m in Sources */ = {isa = PBXBuildFile; fileRef = 023978B21911A8CF007548F3 /* MyPageViewController.m */; };
		023978BC19120E83007548F3 /* Constants.m in Sources */ = {isa = PBXBuildFile; fileRef = 023978B519120260007548F3 /* Constants.m */; };
		023978C219149067007548F3 /* BadgeInfos.m in Sources */ = {isa = PBXBuildFile; fileRef = 023978C119149067007548F3 /* BadgeInfos.m */; };
		02491722191DE5E700A24283 /* cardView.m in Sources */ = {isa = PBXBuildFile; fileRef = 02491721191DE5E700A24283 /* cardView.m */; };
		02491725191DEAD800A24283 /* NSLocation.m in Sources */ = {isa = PBXBuildFile; fileRef = 02491724191DEAD800A24283 /* NSLocation.m */; };
		02504E69192D3189006D6EC8 /* Badge.m in Sources */ = {isa = PBXBuildFile; fileRef = 02504E68192D3189006D6EC8 /* Badge.m */; };
		02504E6C192D31CE006D6EC8 /* CardContent.m in Sources */ = {isa = PBXBuildFile; fileRef = 02504E6B192D31CE006D6EC8 /* CardContent.m */; };
		02ADE003190D8B3E00FC617F /* Foundation.framework in Frameworks */ = {isa = PBXBuildFile; fileRef = 02ADE002190D8B3E00FC617F /* Foundation.framework */; };
		02ADE005190D8B3E00FC617F /* CoreGraphics.framework in Frameworks */ = {isa = PBXBuildFile; fileRef = 02ADE004190D8B3E00FC617F /* CoreGraphics.framework */; };
		02ADE007190D8B3E00FC617F /* UIKit.framework in Frameworks */ = {isa = PBXBuildFile; fileRef = 02ADE006190D8B3E00FC617F /* UIKit.framework */; };
		02ADE00D190D8B3E00FC617F /* InfoPlist.strings in Resources */ = {isa = PBXBuildFile; fileRef = 02ADE00B190D8B3E00FC617F /* InfoPlist.strings */; };
		02ADE00F190D8B3E00FC617F /* main.m in Sources */ = {isa = PBXBuildFile; fileRef = 02ADE00E190D8B3E00FC617F /* main.m */; };
		02ADE013190D8B3E00FC617F /* MembershipCardAppDelegate.m in Sources */ = {isa = PBXBuildFile; fileRef = 02ADE012190D8B3E00FC617F /* MembershipCardAppDelegate.m */; };
		02ADE016190D8B3E00FC617F /* Main.storyboard in Resources */ = {isa = PBXBuildFile; fileRef = 02ADE014190D8B3E00FC617F /* Main.storyboard */; };
		02ADE01B190D8B3E00FC617F /* Images.xcassets in Resources */ = {isa = PBXBuildFile; fileRef = 02ADE01A190D8B3E00FC617F /* Images.xcassets */; };
		02ADE022190D8B3E00FC617F /* XCTest.framework in Frameworks */ = {isa = PBXBuildFile; fileRef = 02ADE021190D8B3E00FC617F /* XCTest.framework */; };
		02ADE023190D8B3E00FC617F /* Foundation.framework in Frameworks */ = {isa = PBXBuildFile; fileRef = 02ADE002190D8B3E00FC617F /* Foundation.framework */; };
		02ADE024190D8B3E00FC617F /* UIKit.framework in Frameworks */ = {isa = PBXBuildFile; fileRef = 02ADE006190D8B3E00FC617F /* UIKit.framework */; };
		02ADE02C190D8B3E00FC617F /* InfoPlist.strings in Resources */ = {isa = PBXBuildFile; fileRef = 02ADE02A190D8B3E00FC617F /* InfoPlist.strings */; };
		02ADE02E190D8B3E00FC617F /* MembershipCardTests.m in Sources */ = {isa = PBXBuildFile; fileRef = 02ADE02D190D8B3E00FC617F /* MembershipCardTests.m */; };
		02ADE039190D94E800FC617F /* Cell.m in Sources */ = {isa = PBXBuildFile; fileRef = 02ADE038190D94E800FC617F /* Cell.m */; };
		02BE726B1923F84B00A14D36 /* Model.xcdatamodeld in Sources */ = {isa = PBXBuildFile; fileRef = 02BE72691923F84B00A14D36 /* Model.xcdatamodeld */; };
		02BE72741927020E00A14D36 /* Badge+Info.m in Sources */ = {isa = PBXBuildFile; fileRef = 02BE72731927020E00A14D36 /* Badge+Info.m */; };
		02BE727A192732D400A14D36 /* DataController.m in Sources */ = {isa = PBXBuildFile; fileRef = 02BE7279192732D400A14D36 /* DataController.m */; };
		02BE7280192A8D8000A14D36 /* sed.png in Resources */ = {isa = PBXBuildFile; fileRef = 02BE727F192A8D8000A14D36 /* sed.png */; };
		02CBFD1E1933D0CE00426891 /* StartPageViewController.m in Sources */ = {isa = PBXBuildFile; fileRef = 02CBFD1D1933D0CE00426891 /* StartPageViewController.m */; };
		02CBFD211933D40A00426891 /* CustomSegue.m in Sources */ = {isa = PBXBuildFile; fileRef = 02CBFD201933D40A00426891 /* CustomSegue.m */; };
		02D7641A1935170400B08298 /* UITableViewControllerAddCardTableViewController.m in Sources */ = {isa = PBXBuildFile; fileRef = 02D764191935170400B08298 /* UITableViewControllerAddCardTableViewController.m */; };
		02D7641D193522BD00B08298 /* LoginViewController.m in Sources */ = {isa = PBXBuildFile; fileRef = 02D7641C193522BD00B08298 /* LoginViewController.m */; };
/* End PBXBuildFile section */

/* Begin PBXContainerItemProxy section */
		02ADE025190D8B3E00FC617F /* PBXContainerItemProxy */ = {
			isa = PBXContainerItemProxy;
			containerPortal = 02ADDFF7190D8B3E00FC617F /* Project object */;
			proxyType = 1;
			remoteGlobalIDString = 02ADDFFE190D8B3E00FC617F;
			remoteInfo = MembershipCard;
		};
/* End PBXContainerItemProxy section */

/* Begin PBXFileReference section */
		021AB8561918176100635CBE /* MembershipCardViewController2.h */ = {isa = PBXFileReference; fileEncoding = 4; lastKnownFileType = sourcecode.c.h; path = MembershipCardViewController2.h; sourceTree = SOURCE_ROOT; };
		021AB8571918176100635CBE /* MembershipCardViewController2.m */ = {isa = PBXFileReference; fileEncoding = 4; lastKnownFileType = sourcecode.c.objc; path = MembershipCardViewController2.m; sourceTree = SOURCE_ROOT; };
		021E41BA190EDAFA00091B26 /* OneCardViewController.h */ = {isa = PBXFileReference; fileEncoding = 4; lastKnownFileType = sourcecode.c.h; name = OneCardViewController.h; path = MembershipCard/OneCardViewController.h; sourceTree = "<group>"; };
		021E41BB190EDAFA00091B26 /* OneCardViewController.m */ = {isa = PBXFileReference; fileEncoding = 4; lastKnownFileType = sourcecode.c.objc; name = OneCardViewController.m; path = MembershipCard/OneCardViewController.m; sourceTree = "<group>"; };
		021E41C0190EDF6300091B26 /* 0_full.JPG */ = {isa = PBXFileReference; lastKnownFileType = image.jpeg; path = 0_full.JPG; sourceTree = "<group>"; };
		021E41C1190EDF6300091B26 /* 10_full.JPG */ = {isa = PBXFileReference; lastKnownFileType = image.jpeg; path = 10_full.JPG; sourceTree = "<group>"; };
		021E41C2190EDF6300091B26 /* 11_full.JPG */ = {isa = PBXFileReference; lastKnownFileType = image.jpeg; path = 11_full.JPG; sourceTree = "<group>"; };
		021E41C3190EDF6300091B26 /* 12_full.JPG */ = {isa = PBXFileReference; lastKnownFileType = image.jpeg; path = 12_full.JPG; sourceTree = "<group>"; };
		021E41C4190EDF6300091B26 /* 13_full.JPG */ = {isa = PBXFileReference; lastKnownFileType = image.jpeg; path = 13_full.JPG; sourceTree = "<group>"; };
		021E41C5190EDF6300091B26 /* 14_full.JPG */ = {isa = PBXFileReference; lastKnownFileType = image.jpeg; path = 14_full.JPG; sourceTree = "<group>"; };
		021E41C6190EDF6300091B26 /* 15_full.JPG */ = {isa = PBXFileReference; lastKnownFileType = image.jpeg; path = 15_full.JPG; sourceTree = "<group>"; };
		021E41C7190EDF6300091B26 /* 16_full.JPG */ = {isa = PBXFileReference; lastKnownFileType = image.jpeg; path = 16_full.JPG; sourceTree = "<group>"; };
		021E41C8190EDF6300091B26 /* 17_full.JPG */ = {isa = PBXFileReference; lastKnownFileType = image.jpeg; path = 17_full.JPG; sourceTree = "<group>"; };
		021E41C9190EDF6300091B26 /* 18_full.JPG */ = {isa = PBXFileReference; lastKnownFileType = image.jpeg; path = 18_full.JPG; sourceTree = "<group>"; };
		021E41CA190EDF6300091B26 /* 19_full.JPG */ = {isa = PBXFileReference; lastKnownFileType = image.jpeg; path = 19_full.JPG; sourceTree = "<group>"; };
		021E41CB190EDF6300091B26 /* 1_full.JPG */ = {isa = PBXFileReference; lastKnownFileType = image.jpeg; path = 1_full.JPG; sourceTree = "<group>"; };
		021E41CC190EDF6300091B26 /* 20_full.JPG */ = {isa = PBXFileReference; lastKnownFileType = image.jpeg; path = 20_full.JPG; sourceTree = "<group>"; };
		021E41CD190EDF6300091B26 /* 21_full.JPG */ = {isa = PBXFileReference; lastKnownFileType = image.jpeg; path = 21_full.JPG; sourceTree = "<group>"; };
		021E41CE190EDF6300091B26 /* 22_full.JPG */ = {isa = PBXFileReference; lastKnownFileType = image.jpeg; path = 22_full.JPG; sourceTree = "<group>"; };
		021E41CF190EDF6300091B26 /* 23_full.JPG */ = {isa = PBXFileReference; lastKnownFileType = image.jpeg; path = 23_full.JPG; sourceTree = "<group>"; };
		021E41D0190EDF6300091B26 /* 24_full.JPG */ = {isa = PBXFileReference; lastKnownFileType = image.jpeg; path = 24_full.JPG; sourceTree = "<group>"; };
		021E41D1190EDF6300091B26 /* 25_full.JPG */ = {isa = PBXFileReference; lastKnownFileType = image.jpeg; path = 25_full.JPG; sourceTree = "<group>"; };
		021E41D2190EDF6300091B26 /* 26_full.JPG */ = {isa = PBXFileReference; lastKnownFileType = image.jpeg; path = 26_full.JPG; sourceTree = "<group>"; };
		021E41D3190EDF6300091B26 /* 27_full.JPG */ = {isa = PBXFileReference; lastKnownFileType = image.jpeg; path = 27_full.JPG; sourceTree = "<group>"; };
		021E41D4190EDF6300091B26 /* 28_full.JPG */ = {isa = PBXFileReference; lastKnownFileType = image.jpeg; path = 28_full.JPG; sourceTree = "<group>"; };
		021E41D5190EDF6300091B26 /* 29_full.JPG */ = {isa = PBXFileReference; lastKnownFileType = image.jpeg; path = 29_full.JPG; sourceTree = "<group>"; };
		021E41D6190EDF6300091B26 /* 2_full.JPG */ = {isa = PBXFileReference; lastKnownFileType = image.jpeg; path = 2_full.JPG; sourceTree = "<group>"; };
		021E41D7190EDF6300091B26 /* 30_full.JPG */ = {isa = PBXFileReference; lastKnownFileType = image.jpeg; path = 30_full.JPG; sourceTree = "<group>"; };
		021E41D8190EDF6300091B26 /* 31_full.JPG */ = {isa = PBXFileReference; lastKnownFileType = image.jpeg; path = 31_full.JPG; sourceTree = "<group>"; };
		021E41D9190EDF6300091B26 /* 3_full.JPG */ = {isa = PBXFileReference; lastKnownFileType = image.jpeg; path = 3_full.JPG; sourceTree = "<group>"; };
		021E41DA190EDF6300091B26 /* 4_full.JPG */ = {isa = PBXFileReference; lastKnownFileType = image.jpeg; path = 4_full.JPG; sourceTree = "<group>"; };
		021E41DB190EDF6300091B26 /* 5_full.JPG */ = {isa = PBXFileReference; lastKnownFileType = image.jpeg; path = 5_full.JPG; sourceTree = "<group>"; };
		021E41DC190EDF6300091B26 /* 6_full.JPG */ = {isa = PBXFileReference; lastKnownFileType = image.jpeg; path = 6_full.JPG; sourceTree = "<group>"; };
		021E41DD190EDF6300091B26 /* 7_full.JPG */ = {isa = PBXFileReference; lastKnownFileType = image.jpeg; path = 7_full.JPG; sourceTree = "<group>"; };
		021E41DE190EDF6300091B26 /* 8_full.JPG */ = {isa = PBXFileReference; lastKnownFileType = image.jpeg; path = 8_full.JPG; sourceTree = "<group>"; };
		021E41DF190EDF6300091B26 /* 9_full.JPG */ = {isa = PBXFileReference; lastKnownFileType = image.jpeg; path = 9_full.JPG; sourceTree = "<group>"; };
		021E4201190EDF6900091B26 /* 0.JPG */ = {isa = PBXFileReference; lastKnownFileType = image.jpeg; path = 0.JPG; sourceTree = "<group>"; };
		021E4202190EDF6900091B26 /* 1.JPG */ = {isa = PBXFileReference; lastKnownFileType = image.jpeg; path = 1.JPG; sourceTree = "<group>"; };
		021E4203190EDF6900091B26 /* 10.JPG */ = {isa = PBXFileReference; lastKnownFileType = image.jpeg; path = 10.JPG; sourceTree = "<group>"; };
		021E4204190EDF6900091B26 /* 11.JPG */ = {isa = PBXFileReference; lastKnownFileType = image.jpeg; path = 11.JPG; sourceTree = "<group>"; };
		021E4205190EDF6900091B26 /* 12.JPG */ = {isa = PBXFileReference; lastKnownFileType = image.jpeg; path = 12.JPG; sourceTree = "<group>"; };
		021E4206190EDF6900091B26 /* 13.JPG */ = {isa = PBXFileReference; lastKnownFileType = image.jpeg; path = 13.JPG; sourceTree = "<group>"; };
		021E4207190EDF6900091B26 /* 14.JPG */ = {isa = PBXFileReference; lastKnownFileType = image.jpeg; path = 14.JPG; sourceTree = "<group>"; };
		021E4208190EDF6900091B26 /* 15.JPG */ = {isa = PBXFileReference; lastKnownFileType = image.jpeg; path = 15.JPG; sourceTree = "<group>"; };
		021E4209190EDF6900091B26 /* 16.JPG */ = {isa = PBXFileReference; lastKnownFileType = image.jpeg; path = 16.JPG; sourceTree = "<group>"; };
		021E420A190EDF6900091B26 /* 17.JPG */ = {isa = PBXFileReference; lastKnownFileType = image.jpeg; path = 17.JPG; sourceTree = "<group>"; };
		021E420B190EDF6900091B26 /* 18.JPG */ = {isa = PBXFileReference; lastKnownFileType = image.jpeg; path = 18.JPG; sourceTree = "<group>"; };
		021E420C190EDF6900091B26 /* 19.JPG */ = {isa = PBXFileReference; lastKnownFileType = image.jpeg; path = 19.JPG; sourceTree = "<group>"; };
		021E420D190EDF6900091B26 /* 2.JPG */ = {isa = PBXFileReference; lastKnownFileType = image.jpeg; path = 2.JPG; sourceTree = "<group>"; };
		021E420E190EDF6900091B26 /* 20.JPG */ = {isa = PBXFileReference; lastKnownFileType = image.jpeg; path = 20.JPG; sourceTree = "<group>"; };
		021E420F190EDF6900091B26 /* 21.JPG */ = {isa = PBXFileReference; lastKnownFileType = image.jpeg; path = 21.JPG; sourceTree = "<group>"; };
		021E4210190EDF6900091B26 /* 22.JPG */ = {isa = PBXFileReference; lastKnownFileType = image.jpeg; path = 22.JPG; sourceTree = "<group>"; };
		021E4211190EDF6900091B26 /* 23.JPG */ = {isa = PBXFileReference; lastKnownFileType = image.jpeg; path = 23.JPG; sourceTree = "<group>"; };
		021E4212190EDF6900091B26 /* 24.JPG */ = {isa = PBXFileReference; lastKnownFileType = image.jpeg; path = 24.JPG; sourceTree = "<group>"; };
		021E4213190EDF6900091B26 /* 25.JPG */ = {isa = PBXFileReference; lastKnownFileType = image.jpeg; path = 25.JPG; sourceTree = "<group>"; };
		021E4214190EDF6900091B26 /* 26.JPG */ = {isa = PBXFileReference; lastKnownFileType = image.jpeg; path = 26.JPG; sourceTree = "<group>"; };
		021E4215190EDF6900091B26 /* 27.JPG */ = {isa = PBXFileReference; lastKnownFileType = image.jpeg; path = 27.JPG; sourceTree = "<group>"; };
		021E4216190EDF6900091B26 /* 28.JPG */ = {isa = PBXFileReference; lastKnownFileType = image.jpeg; path = 28.JPG; sourceTree = "<group>"; };
		021E4217190EDF6900091B26 /* 29.JPG */ = {isa = PBXFileReference; lastKnownFileType = image.jpeg; path = 29.JPG; sourceTree = "<group>"; };
		021E4218190EDF6900091B26 /* 3.JPG */ = {isa = PBXFileReference; lastKnownFileType = image.jpeg; path = 3.JPG; sourceTree = "<group>"; };
		021E4219190EDF6900091B26 /* 30.JPG */ = {isa = PBXFileReference; lastKnownFileType = image.jpeg; path = 30.JPG; sourceTree = "<group>"; };
		021E421A190EDF6900091B26 /* 31.JPG */ = {isa = PBXFileReference; lastKnownFileType = image.jpeg; path = 31.JPG; sourceTree = "<group>"; };
		021E421B190EDF6900091B26 /* 4.JPG */ = {isa = PBXFileReference; lastKnownFileType = image.jpeg; path = 4.JPG; sourceTree = "<group>"; };
		021E421C190EDF6900091B26 /* 5.JPG */ = {isa = PBXFileReference; lastKnownFileType = image.jpeg; path = 5.JPG; sourceTree = "<group>"; };
		021E421D190EDF6900091B26 /* 6.JPG */ = {isa = PBXFileReference; lastKnownFileType = image.jpeg; path = 6.JPG; sourceTree = "<group>"; };
		021E421E190EDF6900091B26 /* 7.JPG */ = {isa = PBXFileReference; lastKnownFileType = image.jpeg; path = 7.JPG; sourceTree = "<group>"; };
		021E421F190EDF6900091B26 /* 8.JPG */ = {isa = PBXFileReference; lastKnownFileType = image.jpeg; path = 8.JPG; sourceTree = "<group>"; };
		021E4220190EDF6900091B26 /* 9.JPG */ = {isa = PBXFileReference; lastKnownFileType = image.jpeg; path = 9.JPG; sourceTree = "<group>"; };
		021F272E193971D20015AEC2 /* QuartzCore.framework */ = {isa = PBXFileReference; lastKnownFileType = wrapper.framework; name = QuartzCore.framework; path = System/Library/Frameworks/QuartzCore.framework; sourceTree = SDKROOT; };
		021F273319399B960015AEC2 /* settingTableViewController.h */ = {isa = PBXFileReference; fileEncoding = 4; lastKnownFileType = sourcecode.c.h; path = settingTableViewController.h; sourceTree = "<group>"; };
		021F273419399B960015AEC2 /* settingTableViewController.m */ = {isa = PBXFileReference; fileEncoding = 4; lastKnownFileType = sourcecode.c.objc; path = settingTableViewController.m; sourceTree = "<group>"; };
		021F273619399DFC0015AEC2 /* UnsupportViewController.h */ = {isa = PBXFileReference; fileEncoding = 4; lastKnownFileType = sourcecode.c.h; path = UnsupportViewController.h; sourceTree = "<group>"; };
		021F273719399DFC0015AEC2 /* UnsupportViewController.m */ = {isa = PBXFileReference; fileEncoding = 4; lastKnownFileType = sourcecode.c.objc; path = UnsupportViewController.m; sourceTree = "<group>"; };
		021F273D193C1D200015AEC2 /* LXReorderableCollectionViewFlowLayout.h */ = {isa = PBXFileReference; fileEncoding = 4; lastKnownFileType = sourcecode.c.h; path = LXReorderableCollectionViewFlowLayout.h; sourceTree = "<group>"; };
		021F273E193C1D200015AEC2 /* LXReorderableCollectionViewFlowLayout.m */ = {isa = PBXFileReference; fileEncoding = 4; lastKnownFileType = sourcecode.c.objc; path = LXReorderableCollectionViewFlowLayout.m; sourceTree = "<group>"; };
		021F2752193D02920015AEC2 /* ShareDriver.h */ = {isa = PBXFileReference; fileEncoding = 4; lastKnownFileType = sourcecode.c.h; path = ShareDriver.h; sourceTree = "<group>"; };
		021F2753193D02920015AEC2 /* ShareDriver.m */ = {isa = PBXFileReference; fileEncoding = 4; lastKnownFileType = sourcecode.c.objc; path = ShareDriver.m; sourceTree = "<group>"; };
		023978B11911A8CF007548F3 /* MyPageViewController.h */ = {isa = PBXFileReference; fileEncoding = 4; lastKnownFileType = sourcecode.c.h; name = MyPageViewController.h; path = MembershipCard/MyPageViewController.h; sourceTree = "<group>"; };
		023978B21911A8CF007548F3 /* MyPageViewController.m */ = {isa = PBXFileReference; fileEncoding = 4; lastKnownFileType = sourcecode.c.objc; name = MyPageViewController.m; path = MembershipCard/MyPageViewController.m; sourceTree = "<group>"; };
		023978B419120260007548F3 /* Constants.h */ = {isa = PBXFileReference; fileEncoding = 4; lastKnownFileType = sourcecode.c.h; name = Constants.h; path = MembershipCard/Constants.h; sourceTree = "<group>"; };
		023978B519120260007548F3 /* Constants.m */ = {isa = PBXFileReference; fileEncoding = 4; lastKnownFileType = sourcecode.c.objc; name = Constants.m; path = MembershipCard/Constants.m; sourceTree = "<group>"; };
		023978C019149067007548F3 /* BadgeInfos.h */ = {isa = PBXFileReference; fileEncoding = 4; lastKnownFileType = sourcecode.c.h; name = BadgeInfos.h; path = MembershipCard/BadgeInfos.h; sourceTree = "<group>"; };
		023978C119149067007548F3 /* BadgeInfos.m */ = {isa = PBXFileReference; fileEncoding = 4; lastKnownFileType = sourcecode.c.objc; name = BadgeInfos.m; path = MembershipCard/BadgeInfos.m; sourceTree = "<group>"; };
		02491720191DE5E700A24283 /* cardView.h */ = {isa = PBXFileReference; fileEncoding = 4; lastKnownFileType = sourcecode.c.h; path = cardView.h; sourceTree = "<group>"; };
		02491721191DE5E700A24283 /* cardView.m */ = {isa = PBXFileReference; fileEncoding = 4; lastKnownFileType = sourcecode.c.objc; path = cardView.m; sourceTree = "<group>"; };
		02491723191DEAD800A24283 /* NSLocation.h */ = {isa = PBXFileReference; fileEncoding = 4; lastKnownFileType = sourcecode.c.h; path = NSLocation.h; sourceTree = "<group>"; };
		02491724191DEAD800A24283 /* NSLocation.m */ = {isa = PBXFileReference; fileEncoding = 4; lastKnownFileType = sourcecode.c.objc; path = NSLocation.m; sourceTree = "<group>"; };
		02504E67192D3189006D6EC8 /* Badge.h */ = {isa = PBXFileReference; fileEncoding = 4; lastKnownFileType = sourcecode.c.h; path = Badge.h; sourceTree = "<group>"; };
		02504E68192D3189006D6EC8 /* Badge.m */ = {isa = PBXFileReference; fileEncoding = 4; lastKnownFileType = sourcecode.c.objc; path = Badge.m; sourceTree = "<group>"; };
		02504E6A192D31CE006D6EC8 /* CardContent.h */ = {isa = PBXFileReference; fileEncoding = 4; lastKnownFileType = sourcecode.c.h; path = CardContent.h; sourceTree = "<group>"; };
		02504E6B192D31CE006D6EC8 /* CardContent.m */ = {isa = PBXFileReference; fileEncoding = 4; lastKnownFileType = sourcecode.c.objc; path = CardContent.m; sourceTree = "<group>"; };
		02ADDFFF190D8B3E00FC617F /* MembershipCard.app */ = {isa = PBXFileReference; explicitFileType = wrapper.application; includeInIndex = 0; path = MembershipCard.app; sourceTree = BUILT_PRODUCTS_DIR; };
		02ADE002190D8B3E00FC617F /* Foundation.framework */ = {isa = PBXFileReference; lastKnownFileType = wrapper.framework; name = Foundation.framework; path = System/Library/Frameworks/Foundation.framework; sourceTree = SDKROOT; };
		02ADE004190D8B3E00FC617F /* CoreGraphics.framework */ = {isa = PBXFileReference; lastKnownFileType = wrapper.framework; name = CoreGraphics.framework; path = System/Library/Frameworks/CoreGraphics.framework; sourceTree = SDKROOT; };
		02ADE006190D8B3E00FC617F /* UIKit.framework */ = {isa = PBXFileReference; lastKnownFileType = wrapper.framework; name = UIKit.framework; path = System/Library/Frameworks/UIKit.framework; sourceTree = SDKROOT; };
		02ADE00A190D8B3E00FC617F /* MembershipCard-Info.plist */ = {isa = PBXFileReference; lastKnownFileType = text.plist.xml; path = "MembershipCard-Info.plist"; sourceTree = "<group>"; };
		02ADE00C190D8B3E00FC617F /* en */ = {isa = PBXFileReference; lastKnownFileType = text.plist.strings; name = en; path = en.lproj/InfoPlist.strings; sourceTree = "<group>"; };
		02ADE00E190D8B3E00FC617F /* main.m */ = {isa = PBXFileReference; lastKnownFileType = sourcecode.c.objc; path = main.m; sourceTree = "<group>"; };
		02ADE010190D8B3E00FC617F /* MembershipCard-Prefix.pch */ = {isa = PBXFileReference; lastKnownFileType = sourcecode.c.h; path = "MembershipCard-Prefix.pch"; sourceTree = "<group>"; };
		02ADE011190D8B3E00FC617F /* MembershipCardAppDelegate.h */ = {isa = PBXFileReference; lastKnownFileType = sourcecode.c.h; path = MembershipCardAppDelegate.h; sourceTree = "<group>"; };
		02ADE012190D8B3E00FC617F /* MembershipCardAppDelegate.m */ = {isa = PBXFileReference; lastKnownFileType = sourcecode.c.objc; path = MembershipCardAppDelegate.m; sourceTree = "<group>"; };
		02ADE015190D8B3E00FC617F /* Base */ = {isa = PBXFileReference; lastKnownFileType = file.storyboard; name = Base; path = Base.lproj/Main.storyboard; sourceTree = "<group>"; };
		02ADE01A190D8B3E00FC617F /* Images.xcassets */ = {isa = PBXFileReference; lastKnownFileType = folder.assetcatalog; path = Images.xcassets; sourceTree = "<group>"; };
		02ADE020190D8B3E00FC617F /* MembershipCardTests.xctest */ = {isa = PBXFileReference; explicitFileType = wrapper.cfbundle; includeInIndex = 0; path = MembershipCardTests.xctest; sourceTree = BUILT_PRODUCTS_DIR; };
		02ADE021190D8B3E00FC617F /* XCTest.framework */ = {isa = PBXFileReference; lastKnownFileType = wrapper.framework; name = XCTest.framework; path = Library/Frameworks/XCTest.framework; sourceTree = DEVELOPER_DIR; };
		02ADE029190D8B3E00FC617F /* MembershipCardTests-Info.plist */ = {isa = PBXFileReference; lastKnownFileType = text.plist.xml; path = "MembershipCardTests-Info.plist"; sourceTree = "<group>"; };
		02ADE02B190D8B3E00FC617F /* en */ = {isa = PBXFileReference; lastKnownFileType = text.plist.strings; name = en; path = en.lproj/InfoPlist.strings; sourceTree = "<group>"; };
		02ADE02D190D8B3E00FC617F /* MembershipCardTests.m */ = {isa = PBXFileReference; lastKnownFileType = sourcecode.c.objc; path = MembershipCardTests.m; sourceTree = "<group>"; };
		02ADE037190D94E800FC617F /* Cell.h */ = {isa = PBXFileReference; fileEncoding = 4; lastKnownFileType = sourcecode.c.h; name = Cell.h; path = MembershipCard/Cell.h; sourceTree = "<group>"; };
		02ADE038190D94E800FC617F /* Cell.m */ = {isa = PBXFileReference; fileEncoding = 4; lastKnownFileType = sourcecode.c.objc; name = Cell.m; path = MembershipCard/Cell.m; sourceTree = "<group>"; };
		02BE726A1923F84B00A14D36 /* Model.xcdatamodel */ = {isa = PBXFileReference; lastKnownFileType = wrapper.xcdatamodel; path = Model.xcdatamodel; sourceTree = "<group>"; };
		02BE72721927020E00A14D36 /* Badge+Info.h */ = {isa = PBXFileReference; fileEncoding = 4; lastKnownFileType = sourcecode.c.h; path = "Badge+Info.h"; sourceTree = "<group>"; };
		02BE72731927020E00A14D36 /* Badge+Info.m */ = {isa = PBXFileReference; fileEncoding = 4; lastKnownFileType = sourcecode.c.objc; path = "Badge+Info.m"; sourceTree = "<group>"; };
		02BE7278192732D400A14D36 /* DataController.h */ = {isa = PBXFileReference; fileEncoding = 4; lastKnownFileType = sourcecode.c.h; path = DataController.h; sourceTree = "<group>"; };
		02BE7279192732D400A14D36 /* DataController.m */ = {isa = PBXFileReference; fileEncoding = 4; lastKnownFileType = sourcecode.c.objc; path = DataController.m; sourceTree = "<group>"; };
		02BE727F192A8D8000A14D36 /* sed.png */ = {isa = PBXFileReference; lastKnownFileType = image.png; name = sed.png; path = ../../../../../Downloads/sed.png; sourceTree = "<group>"; };
		02CBFD1C1933D0CE00426891 /* StartPageViewController.h */ = {isa = PBXFileReference; fileEncoding = 4; lastKnownFileType = sourcecode.c.h; path = StartPageViewController.h; sourceTree = "<group>"; };
		02CBFD1D1933D0CE00426891 /* StartPageViewController.m */ = {isa = PBXFileReference; fileEncoding = 4; lastKnownFileType = sourcecode.c.objc; path = StartPageViewController.m; sourceTree = "<group>"; };
		02CBFD1F1933D40A00426891 /* CustomSegue.h */ = {isa = PBXFileReference; fileEncoding = 4; lastKnownFileType = sourcecode.c.h; path = CustomSegue.h; sourceTree = "<group>"; };
		02CBFD201933D40A00426891 /* CustomSegue.m */ = {isa = PBXFileReference; fileEncoding = 4; lastKnownFileType = sourcecode.c.objc; path = CustomSegue.m; sourceTree = "<group>"; };
		02D764181935170400B08298 /* UITableViewControllerAddCardTableViewController.h */ = {isa = PBXFileReference; fileEncoding = 4; lastKnownFileType = sourcecode.c.h; path = UITableViewControllerAddCardTableViewController.h; sourceTree = "<group>"; };
		02D764191935170400B08298 /* UITableViewControllerAddCardTableViewController.m */ = {isa = PBXFileReference; fileEncoding = 4; lastKnownFileType = sourcecode.c.objc; path = UITableViewControllerAddCardTableViewController.m; sourceTree = "<group>"; };
		02D7641B193522BD00B08298 /* LoginViewController.h */ = {isa = PBXFileReference; fileEncoding = 4; lastKnownFileType = sourcecode.c.h; path = LoginViewController.h; sourceTree = "<group>"; };
		02D7641C193522BD00B08298 /* LoginViewController.m */ = {isa = PBXFileReference; fileEncoding = 4; lastKnownFileType = sourcecode.c.objc; path = LoginViewController.m; sourceTree = "<group>"; };
/* End PBXFileReference section */

/* Begin PBXFrameworksBuildPhase section */
		02ADDFFC190D8B3E00FC617F /* Frameworks */ = {
			isa = PBXFrameworksBuildPhase;
			buildActionMask = 2147483647;
			files = (
				021F272F193971D20015AEC2 /* QuartzCore.framework in Frameworks */,
				02ADE005190D8B3E00FC617F /* CoreGraphics.framework in Frameworks */,
				02ADE007190D8B3E00FC617F /* UIKit.framework in Frameworks */,
				02ADE003190D8B3E00FC617F /* Foundation.framework in Frameworks */,
			);
			runOnlyForDeploymentPostprocessing = 0;
		};
		02ADE01D190D8B3E00FC617F /* Frameworks */ = {
			isa = PBXFrameworksBuildPhase;
			buildActionMask = 2147483647;
			files = (
				02ADE022190D8B3E00FC617F /* XCTest.framework in Frameworks */,
				02ADE024190D8B3E00FC617F /* UIKit.framework in Frameworks */,
				02ADE023190D8B3E00FC617F /* Foundation.framework in Frameworks */,
			);
			runOnlyForDeploymentPostprocessing = 0;
		};
/* End PBXFrameworksBuildPhase section */

/* Begin PBXGroup section */
		021E41BE190EDF0900091B26 /* images */ = {
			isa = PBXGroup;
			children = (
				02BE727E192A8D6500A14D36 /* icon */,
				021E4200190EDF6900091B26 /* thumb */,
				021E41BF190EDF6300091B26 /* full */,
			);
			name = images;
			path = MembershipCard;
			sourceTree = "<group>";
		};
		021E41BF190EDF6300091B26 /* full */ = {
			isa = PBXGroup;
			children = (
				021E41C0190EDF6300091B26 /* 0_full.JPG */,
				021E41C1190EDF6300091B26 /* 10_full.JPG */,
				021E41C2190EDF6300091B26 /* 11_full.JPG */,
				021E41C3190EDF6300091B26 /* 12_full.JPG */,
				021E41C4190EDF6300091B26 /* 13_full.JPG */,
				021E41C5190EDF6300091B26 /* 14_full.JPG */,
				021E41C6190EDF6300091B26 /* 15_full.JPG */,
				021E41C7190EDF6300091B26 /* 16_full.JPG */,
				021E41C8190EDF6300091B26 /* 17_full.JPG */,
				021E41C9190EDF6300091B26 /* 18_full.JPG */,
				021E41CA190EDF6300091B26 /* 19_full.JPG */,
				021E41CB190EDF6300091B26 /* 1_full.JPG */,
				021E41CC190EDF6300091B26 /* 20_full.JPG */,
				021E41CD190EDF6300091B26 /* 21_full.JPG */,
				021E41CE190EDF6300091B26 /* 22_full.JPG */,
				021E41CF190EDF6300091B26 /* 23_full.JPG */,
				021E41D0190EDF6300091B26 /* 24_full.JPG */,
				021E41D1190EDF6300091B26 /* 25_full.JPG */,
				021E41D2190EDF6300091B26 /* 26_full.JPG */,
				021E41D3190EDF6300091B26 /* 27_full.JPG */,
				021E41D4190EDF6300091B26 /* 28_full.JPG */,
				021E41D5190EDF6300091B26 /* 29_full.JPG */,
				021E41D6190EDF6300091B26 /* 2_full.JPG */,
				021E41D7190EDF6300091B26 /* 30_full.JPG */,
				021E41D8190EDF6300091B26 /* 31_full.JPG */,
				021E41D9190EDF6300091B26 /* 3_full.JPG */,
				021E41DA190EDF6300091B26 /* 4_full.JPG */,
				021E41DB190EDF6300091B26 /* 5_full.JPG */,
				021E41DC190EDF6300091B26 /* 6_full.JPG */,
				021E41DD190EDF6300091B26 /* 7_full.JPG */,
				021E41DE190EDF6300091B26 /* 8_full.JPG */,
				021E41DF190EDF6300091B26 /* 9_full.JPG */,
			);
			path = full;
			sourceTree = SOURCE_ROOT;
		};
		021E4200190EDF6900091B26 /* thumb */ = {
			isa = PBXGroup;
			children = (
				021E4201190EDF6900091B26 /* 0.JPG */,
				021E4202190EDF6900091B26 /* 1.JPG */,
				021E4203190EDF6900091B26 /* 10.JPG */,
				021E4204190EDF6900091B26 /* 11.JPG */,
				021E4205190EDF6900091B26 /* 12.JPG */,
				021E4206190EDF6900091B26 /* 13.JPG */,
				021E4207190EDF6900091B26 /* 14.JPG */,
				021E4208190EDF6900091B26 /* 15.JPG */,
				021E4209190EDF6900091B26 /* 16.JPG */,
				021E420A190EDF6900091B26 /* 17.JPG */,
				021E420B190EDF6900091B26 /* 18.JPG */,
				021E420C190EDF6900091B26 /* 19.JPG */,
				021E420D190EDF6900091B26 /* 2.JPG */,
				021E420E190EDF6900091B26 /* 20.JPG */,
				021E420F190EDF6900091B26 /* 21.JPG */,
				021E4210190EDF6900091B26 /* 22.JPG */,
				021E4211190EDF6900091B26 /* 23.JPG */,
				021E4212190EDF6900091B26 /* 24.JPG */,
				021E4213190EDF6900091B26 /* 25.JPG */,
				021E4214190EDF6900091B26 /* 26.JPG */,
				021E4215190EDF6900091B26 /* 27.JPG */,
				021E4216190EDF6900091B26 /* 28.JPG */,
				021E4217190EDF6900091B26 /* 29.JPG */,
				021E4218190EDF6900091B26 /* 3.JPG */,
				021E4219190EDF6900091B26 /* 30.JPG */,
				021E421A190EDF6900091B26 /* 31.JPG */,
				021E421B190EDF6900091B26 /* 4.JPG */,
				021E421C190EDF6900091B26 /* 5.JPG */,
				021E421D190EDF6900091B26 /* 6.JPG */,
				021E421E190EDF6900091B26 /* 7.JPG */,
				021E421F190EDF6900091B26 /* 8.JPG */,
				021E4220190EDF6900091B26 /* 9.JPG */,
			);
			path = thumb;
			sourceTree = SOURCE_ROOT;
		};
		021F273C193C1D200015AEC2 /* LXReorderableCollectionViewFlowLayout */ = {
			isa = PBXGroup;
			children = (
				021F273D193C1D200015AEC2 /* LXReorderableCollectionViewFlowLayout.h */,
				021F273E193C1D200015AEC2 /* LXReorderableCollectionViewFlowLayout.m */,
			);
			name = LXReorderableCollectionViewFlowLayout;
			path = "LXReorderableCollectionViewFlowLayout-master/LXReorderableCollectionViewFlowLayout";
			sourceTree = "<group>";
		};
		023978C319149078007548F3 /* Model */ = {
			isa = PBXGroup;
			children = (
				02BE7278192732D400A14D36 /* DataController.h */,
				02BE7279192732D400A14D36 /* DataController.m */,
				02BE72691923F84B00A14D36 /* Model.xcdatamodeld */,
				02504E67192D3189006D6EC8 /* Badge.h */,
				02504E68192D3189006D6EC8 /* Badge.m */,
				02BE72721927020E00A14D36 /* Badge+Info.h */,
				02BE72731927020E00A14D36 /* Badge+Info.m */,
				023978C019149067007548F3 /* BadgeInfos.h */,
				023978C119149067007548F3 /* BadgeInfos.m */,
				02504E6A192D31CE006D6EC8 /* CardContent.h */,
				02504E6B192D31CE006D6EC8 /* CardContent.m */,
			);
			name = Model;
			sourceTree = "<group>";
		};
		0249171E191DE2B500A24283 /* Controller */ = {
			isa = PBXGroup;
			children = (
				021F273319399B960015AEC2 /* settingTableViewController.h */,
				021F273419399B960015AEC2 /* settingTableViewController.m */,
				02D7641B193522BD00B08298 /* LoginViewController.h */,
				02D7641C193522BD00B08298 /* LoginViewController.m */,
				02CBFD1C1933D0CE00426891 /* StartPageViewController.h */,
				02CBFD1D1933D0CE00426891 /* StartPageViewController.m */,
				02D764181935170400B08298 /* UITableViewControllerAddCardTableViewController.h */,
				02D764191935170400B08298 /* UITableViewControllerAddCardTableViewController.m */,
				023978B11911A8CF007548F3 /* MyPageViewController.h */,
				023978B21911A8CF007548F3 /* MyPageViewController.m */,
				021E41BA190EDAFA00091B26 /* OneCardViewController.h */,
				021E41BB190EDAFA00091B26 /* OneCardViewController.m */,
				021AB8561918176100635CBE /* MembershipCardViewController2.h */,
				021AB8571918176100635CBE /* MembershipCardViewController2.m */,
				021F273619399DFC0015AEC2 /* UnsupportViewController.h */,
				021F273719399DFC0015AEC2 /* UnsupportViewController.m */,
			);
			name = Controller;
			sourceTree = "<group>";
		};
		0249171F191DE2C900A24283 /* View */ = {
			isa = PBXGroup;
			children = (
				02ADE014190D8B3E00FC617F /* Main.storyboard */,
				02CBFD1F1933D40A00426891 /* CustomSegue.h */,
				02CBFD201933D40A00426891 /* CustomSegue.m */,
				02ADE037190D94E800FC617F /* Cell.h */,
				02ADE038190D94E800FC617F /* Cell.m */,
				02491720191DE5E700A24283 /* cardView.h */,
				02491721191DE5E700A24283 /* cardView.m */,
			);
			name = View;
			sourceTree = "<group>";
		};
		02491726191DEADE00A24283 /* Utils */ = {
			isa = PBXGroup;
			children = (
				021F2752193D02920015AEC2 /* ShareDriver.h */,
				021F2753193D02920015AEC2 /* ShareDriver.m */,
				023978B419120260007548F3 /* Constants.h */,
				023978B519120260007548F3 /* Constants.m */,
				02491723191DEAD800A24283 /* NSLocation.h */,
				02491724191DEAD800A24283 /* NSLocation.m */,
			);
			name = Utils;
			sourceTree = "<group>";
		};
		02ADDFF6190D8B3E00FC617F = {
			isa = PBXGroup;
			children = (
				021F273C193C1D200015AEC2 /* LXReorderableCollectionViewFlowLayout */,
				021E41BE190EDF0900091B26 /* images */,
				02491726191DEADE00A24283 /* Utils */,
				0249171F191DE2C900A24283 /* View */,
				0249171E191DE2B500A24283 /* Controller */,
				023978C319149078007548F3 /* Model */,
				02ADE008190D8B3E00FC617F /* MembershipCard */,
				02ADE027190D8B3E00FC617F /* MembershipCardTests */,
				02ADE001190D8B3E00FC617F /* Frameworks */,
				02ADE000190D8B3E00FC617F /* Products */,
			);
			sourceTree = "<group>";
		};
		02ADE000190D8B3E00FC617F /* Products */ = {
			isa = PBXGroup;
			children = (
				02ADDFFF190D8B3E00FC617F /* MembershipCard.app */,
				02ADE020190D8B3E00FC617F /* MembershipCardTests.xctest */,
			);
			name = Products;
			sourceTree = "<group>";
		};
		02ADE001190D8B3E00FC617F /* Frameworks */ = {
			isa = PBXGroup;
			children = (
				021F272E193971D20015AEC2 /* QuartzCore.framework */,
				02ADE002190D8B3E00FC617F /* Foundation.framework */,
				02ADE004190D8B3E00FC617F /* CoreGraphics.framework */,
				02ADE006190D8B3E00FC617F /* UIKit.framework */,
				02ADE021190D8B3E00FC617F /* XCTest.framework */,
			);
			name = Frameworks;
			sourceTree = "<group>";
		};
		02ADE008190D8B3E00FC617F /* MembershipCard */ = {
			isa = PBXGroup;
			children = (
				02ADE01A190D8B3E00FC617F /* Images.xcassets */,
				02ADE009190D8B3E00FC617F /* Supporting Files */,
			);
			path = MembershipCard;
			sourceTree = "<group>";
		};
		02ADE009190D8B3E00FC617F /* Supporting Files */ = {
			isa = PBXGroup;
			children = (
				02ADE011190D8B3E00FC617F /* MembershipCardAppDelegate.h */,
				02ADE012190D8B3E00FC617F /* MembershipCardAppDelegate.m */,
				02ADE00A190D8B3E00FC617F /* MembershipCard-Info.plist */,
				02ADE00B190D8B3E00FC617F /* InfoPlist.strings */,
				02ADE00E190D8B3E00FC617F /* main.m */,
				02ADE010190D8B3E00FC617F /* MembershipCard-Prefix.pch */,
			);
			name = "Supporting Files";
			sourceTree = "<group>";
		};
		02ADE027190D8B3E00FC617F /* MembershipCardTests */ = {
			isa = PBXGroup;
			children = (
				02ADE02D190D8B3E00FC617F /* MembershipCardTests.m */,
				02ADE028190D8B3E00FC617F /* Supporting Files */,
			);
			path = MembershipCardTests;
			sourceTree = "<group>";
		};
		02ADE028190D8B3E00FC617F /* Supporting Files */ = {
			isa = PBXGroup;
			children = (
				02ADE029190D8B3E00FC617F /* MembershipCardTests-Info.plist */,
				02ADE02A190D8B3E00FC617F /* InfoPlist.strings */,
			);
			name = "Supporting Files";
			sourceTree = "<group>";
		};
		02BE727E192A8D6500A14D36 /* icon */ = {
			isa = PBXGroup;
			children = (
				02BE727F192A8D8000A14D36 /* sed.png */,
			);
			name = icon;
			sourceTree = "<group>";
		};
/* End PBXGroup section */

/* Begin PBXNativeTarget section */
		02ADDFFE190D8B3E00FC617F /* MembershipCard */ = {
			isa = PBXNativeTarget;
			buildConfigurationList = 02ADE031190D8B3E00FC617F /* Build configuration list for PBXNativeTarget "MembershipCard" */;
			buildPhases = (
				02ADDFFB190D8B3E00FC617F /* Sources */,
				02ADDFFC190D8B3E00FC617F /* Frameworks */,
				02ADDFFD190D8B3E00FC617F /* Resources */,
			);
			buildRules = (
			);
			dependencies = (
			);
			name = MembershipCard;
			productName = MembershipCard;
			productReference = 02ADDFFF190D8B3E00FC617F /* MembershipCard.app */;
			productType = "com.apple.product-type.application";
		};
		02ADE01F190D8B3E00FC617F /* MembershipCardTests */ = {
			isa = PBXNativeTarget;
			buildConfigurationList = 02ADE034190D8B3E00FC617F /* Build configuration list for PBXNativeTarget "MembershipCardTests" */;
			buildPhases = (
				02ADE01C190D8B3E00FC617F /* Sources */,
				02ADE01D190D8B3E00FC617F /* Frameworks */,
				02ADE01E190D8B3E00FC617F /* Resources */,
			);
			buildRules = (
			);
			dependencies = (
				02ADE026190D8B3E00FC617F /* PBXTargetDependency */,
			);
			name = MembershipCardTests;
			productName = MembershipCardTests;
			productReference = 02ADE020190D8B3E00FC617F /* MembershipCardTests.xctest */;
			productType = "com.apple.product-type.bundle.unit-test";
		};
/* End PBXNativeTarget section */

/* Begin PBXProject section */
		02ADDFF7190D8B3E00FC617F /* Project object */ = {
			isa = PBXProject;
			attributes = {
				CLASSPREFIX = MembershipCard;
				LastUpgradeCheck = 0510;
				ORGANIZATIONNAME = com.hbu.com;
				TargetAttributes = {
					02ADE01F190D8B3E00FC617F = {
						TestTargetID = 02ADDFFE190D8B3E00FC617F;
					};
				};
			};
			buildConfigurationList = 02ADDFFA190D8B3E00FC617F /* Build configuration list for PBXProject "MembershipCard" */;
			compatibilityVersion = "Xcode 3.2";
			developmentRegion = English;
			hasScannedForEncodings = 0;
			knownRegions = (
				en,
				Base,
			);
			mainGroup = 02ADDFF6190D8B3E00FC617F;
			productRefGroup = 02ADE000190D8B3E00FC617F /* Products */;
			projectDirPath = "";
			projectRoot = "";
			targets = (
				02ADDFFE190D8B3E00FC617F /* MembershipCard */,
				02ADE01F190D8B3E00FC617F /* MembershipCardTests */,
			);
		};
/* End PBXProject section */

/* Begin PBXResourcesBuildPhase section */
		02ADDFFD190D8B3E00FC617F /* Resources */ = {
			isa = PBXResourcesBuildPhase;
			buildActionMask = 2147483647;
			files = (
				021E423F190EDF6900091B26 /* 8.JPG in Resources */,
				021E423C190EDF6900091B26 /* 5.JPG in Resources */,
				021E4225190EDF6900091B26 /* 12.JPG in Resources */,
				021E41F3190EDF6300091B26 /* 27_full.JPG in Resources */,
				021E4240190EDF6900091B26 /* 9.JPG in Resources */,
				021E41FC190EDF6300091B26 /* 6_full.JPG in Resources */,
				021E4223190EDF6900091B26 /* 10.JPG in Resources */,
				021E422E190EDF6900091B26 /* 20.JPG in Resources */,
				021E41E8190EDF6300091B26 /* 17_full.JPG in Resources */,
				021E41F1190EDF6300091B26 /* 25_full.JPG in Resources */,
				021E422D190EDF6900091B26 /* 2.JPG in Resources */,
				021E41F5190EDF6300091B26 /* 29_full.JPG in Resources */,
				021E423D190EDF6900091B26 /* 6.JPG in Resources */,
				021E41E4190EDF6300091B26 /* 13_full.JPG in Resources */,
				021E422F190EDF6900091B26 /* 21.JPG in Resources */,
				021E4236190EDF6900091B26 /* 28.JPG in Resources */,
				021E4229190EDF6900091B26 /* 16.JPG in Resources */,
				021E423E190EDF6900091B26 /* 7.JPG in Resources */,
				021E41EA190EDF6300091B26 /* 19_full.JPG in Resources */,
				021E41E5190EDF6300091B26 /* 14_full.JPG in Resources */,
				021E423A190EDF6900091B26 /* 31.JPG in Resources */,
				021E41F4190EDF6300091B26 /* 28_full.JPG in Resources */,
				021E41EF190EDF6300091B26 /* 23_full.JPG in Resources */,
				021E41E2190EDF6300091B26 /* 11_full.JPG in Resources */,
				021E4230190EDF6900091B26 /* 22.JPG in Resources */,
				021E41EB190EDF6300091B26 /* 1_full.JPG in Resources */,
				021E4239190EDF6900091B26 /* 30.JPG in Resources */,
				021E4227190EDF6900091B26 /* 14.JPG in Resources */,
				021E41E3190EDF6300091B26 /* 12_full.JPG in Resources */,
				021E423B190EDF6900091B26 /* 4.JPG in Resources */,
				021E41FF190EDF6300091B26 /* 9_full.JPG in Resources */,
				021E4222190EDF6900091B26 /* 1.JPG in Resources */,
				02ADE01B190D8B3E00FC617F /* Images.xcassets in Resources */,
				021E422B190EDF6900091B26 /* 18.JPG in Resources */,
				021E422A190EDF6900091B26 /* 17.JPG in Resources */,
				021E4233190EDF6900091B26 /* 25.JPG in Resources */,
				021E4231190EDF6900091B26 /* 23.JPG in Resources */,
				021E41E9190EDF6300091B26 /* 18_full.JPG in Resources */,
				021E4237190EDF6900091B26 /* 29.JPG in Resources */,
				021E41FE190EDF6300091B26 /* 8_full.JPG in Resources */,
				021E41FB190EDF6300091B26 /* 5_full.JPG in Resources */,
				021E41F0190EDF6300091B26 /* 24_full.JPG in Resources */,
				021E4232190EDF6900091B26 /* 24.JPG in Resources */,
				021E41F6190EDF6300091B26 /* 2_full.JPG in Resources */,
				021E41F8190EDF6300091B26 /* 31_full.JPG in Resources */,
				021E41ED190EDF6300091B26 /* 21_full.JPG in Resources */,
				02ADE00D190D8B3E00FC617F /* InfoPlist.strings in Resources */,
				021E41FA190EDF6300091B26 /* 4_full.JPG in Resources */,
				021E4224190EDF6900091B26 /* 11.JPG in Resources */,
				021E4221190EDF6900091B26 /* 0.JPG in Resources */,
				021E4234190EDF6900091B26 /* 26.JPG in Resources */,
				021E422C190EDF6900091B26 /* 19.JPG in Resources */,
				021E41E6190EDF6300091B26 /* 15_full.JPG in Resources */,
				021E4228190EDF6900091B26 /* 15.JPG in Resources */,
				021E41F9190EDF6300091B26 /* 3_full.JPG in Resources */,
				021E41EE190EDF6300091B26 /* 22_full.JPG in Resources */,
				021E4235190EDF6900091B26 /* 27.JPG in Resources */,
				021E41F2190EDF6300091B26 /* 26_full.JPG in Resources */,
				021E41E7190EDF6300091B26 /* 16_full.JPG in Resources */,
				02ADE016190D8B3E00FC617F /* Main.storyboard in Resources */,
				021E41E1190EDF6300091B26 /* 10_full.JPG in Resources */,
				021E41EC190EDF6300091B26 /* 20_full.JPG in Resources */,
				021E41FD190EDF6300091B26 /* 7_full.JPG in Resources */,
				021E4226190EDF6900091B26 /* 13.JPG in Resources */,
				021E41F7190EDF6300091B26 /* 30_full.JPG in Resources */,
				021E41E0190EDF6300091B26 /* 0_full.JPG in Resources */,
				02BE7280192A8D8000A14D36 /* sed.png in Resources */,
				021E4238190EDF6900091B26 /* 3.JPG in Resources */,
			);
			runOnlyForDeploymentPostprocessing = 0;
		};
		02ADE01E190D8B3E00FC617F /* Resources */ = {
			isa = PBXResourcesBuildPhase;
			buildActionMask = 2147483647;
			files = (
				02ADE02C190D8B3E00FC617F /* InfoPlist.strings in Resources */,
			);
			runOnlyForDeploymentPostprocessing = 0;
		};
/* End PBXResourcesBuildPhase section */

/* Begin PBXSourcesBuildPhase section */
		02ADDFFB190D8B3E00FC617F /* Sources */ = {
			isa = PBXSourcesBuildPhase;
			buildActionMask = 2147483647;
			files = (
				02ADE013190D8B3E00FC617F /* MembershipCardAppDelegate.m in Sources */,
				02ADE039190D94E800FC617F /* Cell.m in Sources */,
				023978C219149067007548F3 /* BadgeInfos.m in Sources */,
				02504E69192D3189006D6EC8 /* Badge.m in Sources */,
				02ADE00F190D8B3E00FC617F /* main.m in Sources */,
				023978B31911A8CF007548F3 /* MyPageViewController.m in Sources */,
				02491725191DEAD800A24283 /* NSLocation.m in Sources */,
				02BE727A192732D400A14D36 /* DataController.m in Sources */,
				021AB8581918176100635CBE /* MembershipCardViewController2.m in Sources */,
				02BE72741927020E00A14D36 /* Badge+Info.m in Sources */,
				02CBFD211933D40A00426891 /* CustomSegue.m in Sources */,
				023978BC19120E83007548F3 /* Constants.m in Sources */,
				02491722191DE5E700A24283 /* cardView.m in Sources */,
				02504E6C192D31CE006D6EC8 /* CardContent.m in Sources */,
				021E41BC190EDAFA00091B26 /* OneCardViewController.m in Sources */,
				02D7641D193522BD00B08298 /* LoginViewController.m in Sources */,
				021F273519399B960015AEC2 /* settingTableViewController.m in Sources */,
				021F2754193D02920015AEC2 /* ShareDriver.m in Sources */,
				02CBFD1E1933D0CE00426891 /* StartPageViewController.m in Sources */,
				021F273F193C1D200015AEC2 /* LXReorderableCollectionViewFlowLayout.m in Sources */,
				02BE726B1923F84B00A14D36 /* Model.xcdatamodeld in Sources */,
				02D7641A1935170400B08298 /* UITableViewControllerAddCardTableViewController.m in Sources */,
				021F273819399DFC0015AEC2 /* UnsupportViewController.m in Sources */,
			);
			runOnlyForDeploymentPostprocessing = 0;
		};
		02ADE01C190D8B3E00FC617F /* Sources */ = {
			isa = PBXSourcesBuildPhase;
			buildActionMask = 2147483647;
			files = (
				02ADE02E190D8B3E00FC617F /* MembershipCardTests.m in Sources */,
			);
			runOnlyForDeploymentPostprocessing = 0;
		};
/* End PBXSourcesBuildPhase section */

/* Begin PBXTargetDependency section */
		02ADE026190D8B3E00FC617F /* PBXTargetDependency */ = {
			isa = PBXTargetDependency;
			target = 02ADDFFE190D8B3E00FC617F /* MembershipCard */;
			targetProxy = 02ADE025190D8B3E00FC617F /* PBXContainerItemProxy */;
		};
/* End PBXTargetDependency section */

/* Begin PBXVariantGroup section */
		02ADE00B190D8B3E00FC617F /* InfoPlist.strings */ = {
			isa = PBXVariantGroup;
			children = (
				02ADE00C190D8B3E00FC617F /* en */,
			);
			name = InfoPlist.strings;
			sourceTree = "<group>";
		};
		02ADE014190D8B3E00FC617F /* Main.storyboard */ = {
			isa = PBXVariantGroup;
			children = (
				02ADE015190D8B3E00FC617F /* Base */,
			);
			name = Main.storyboard;
			path = MembershipCard;
			sourceTree = "<group>";
		};
		02ADE02A190D8B3E00FC617F /* InfoPlist.strings */ = {
			isa = PBXVariantGroup;
			children = (
				02ADE02B190D8B3E00FC617F /* en */,
			);
			name = InfoPlist.strings;
			sourceTree = "<group>";
		};
/* End PBXVariantGroup section */

/* Begin XCBuildConfiguration section */
		02ADE02F190D8B3E00FC617F /* Debug */ = {
			isa = XCBuildConfiguration;
			buildSettings = {
				ALWAYS_SEARCH_USER_PATHS = NO;
				CLANG_CXX_LANGUAGE_STANDARD = "gnu++0x";
				CLANG_CXX_LIBRARY = "libc++";
				CLANG_ENABLE_MODULES = YES;
				CLANG_ENABLE_OBJC_ARC = YES;
				CLANG_WARN_BOOL_CONVERSION = YES;
				CLANG_WARN_CONSTANT_CONVERSION = YES;
				CLANG_WARN_DIRECT_OBJC_ISA_USAGE = YES_ERROR;
				CLANG_WARN_EMPTY_BODY = YES;
				CLANG_WARN_ENUM_CONVERSION = YES;
				CLANG_WARN_INT_CONVERSION = YES;
				CLANG_WARN_OBJC_ROOT_CLASS = YES_ERROR;
				CLANG_WARN__DUPLICATE_METHOD_MATCH = YES;
				CODE_SIGN_IDENTITY = "";
				"CODE_SIGN_IDENTITY[sdk=iphoneos*]" = "";
				COPY_PHASE_STRIP = NO;
				GCC_C_LANGUAGE_STANDARD = gnu99;
				GCC_DYNAMIC_NO_PIC = NO;
				GCC_OPTIMIZATION_LEVEL = 0;
				GCC_PREPROCESSOR_DEFINITIONS = (
					"DEBUG=1",
					"$(inherited)",
				);
				GCC_SYMBOLS_PRIVATE_EXTERN = NO;
				GCC_WARN_64_TO_32_BIT_CONVERSION = YES;
				GCC_WARN_ABOUT_RETURN_TYPE = YES_ERROR;
				GCC_WARN_UNDECLARED_SELECTOR = YES;
				GCC_WARN_UNINITIALIZED_AUTOS = YES_AGGRESSIVE;
				GCC_WARN_UNUSED_FUNCTION = YES;
				GCC_WARN_UNUSED_VARIABLE = YES;
				IPHONEOS_DEPLOYMENT_TARGET = 7.1;
				ONLY_ACTIVE_ARCH = YES;
				SDKROOT = iphoneos;
			};
			name = Debug;
		};
		02ADE030190D8B3E00FC617F /* Release */ = {
			isa = XCBuildConfiguration;
			buildSettings = {
				ALWAYS_SEARCH_USER_PATHS = NO;
				CLANG_CXX_LANGUAGE_STANDARD = "gnu++0x";
				CLANG_CXX_LIBRARY = "libc++";
				CLANG_ENABLE_MODULES = YES;
				CLANG_ENABLE_OBJC_ARC = YES;
				CLANG_WARN_BOOL_CONVERSION = YES;
				CLANG_WARN_CONSTANT_CONVERSION = YES;
				CLANG_WARN_DIRECT_OBJC_ISA_USAGE = YES_ERROR;
				CLANG_WARN_EMPTY_BODY = YES;
				CLANG_WARN_ENUM_CONVERSION = YES;
				CLANG_WARN_INT_CONVERSION = YES;
				CLANG_WARN_OBJC_ROOT_CLASS = YES_ERROR;
				CLANG_WARN__DUPLICATE_METHOD_MATCH = YES;
				CODE_SIGN_IDENTITY = "";
				"CODE_SIGN_IDENTITY[sdk=iphoneos*]" = "";
				COPY_PHASE_STRIP = YES;
				ENABLE_NS_ASSERTIONS = NO;
				GCC_C_LANGUAGE_STANDARD = gnu99;
				GCC_WARN_64_TO_32_BIT_CONVERSION = YES;
				GCC_WARN_ABOUT_RETURN_TYPE = YES_ERROR;
				GCC_WARN_UNDECLARED_SELECTOR = YES;
				GCC_WARN_UNINITIALIZED_AUTOS = YES_AGGRESSIVE;
				GCC_WARN_UNUSED_FUNCTION = YES;
				GCC_WARN_UNUSED_VARIABLE = YES;
				IPHONEOS_DEPLOYMENT_TARGET = 7.1;
				SDKROOT = iphoneos;
				VALIDATE_PRODUCT = YES;
			};
			name = Release;
		};
		02ADE032190D8B3E00FC617F /* Debug */ = {
			isa = XCBuildConfiguration;
			buildSettings = {
				ASSETCATALOG_COMPILER_APPICON_NAME = AppIcon;
				ASSETCATALOG_COMPILER_LAUNCHIMAGE_NAME = LaunchImage;
				GCC_PRECOMPILE_PREFIX_HEADER = YES;
				GCC_PREFIX_HEADER = "MembershipCard/MembershipCard-Prefix.pch";
				INFOPLIST_FILE = "MembershipCard/MembershipCard-Info.plist";
				PRODUCT_NAME = "$(TARGET_NAME)";
				WRAPPER_EXTENSION = app;
			};
			name = Debug;
		};
		02ADE033190D8B3E00FC617F /* Release */ = {
			isa = XCBuildConfiguration;
			buildSettings = {
				ASSETCATALOG_COMPILER_APPICON_NAME = AppIcon;
				ASSETCATALOG_COMPILER_LAUNCHIMAGE_NAME = LaunchImage;
				GCC_PRECOMPILE_PREFIX_HEADER = YES;
				GCC_PREFIX_HEADER = "MembershipCard/MembershipCard-Prefix.pch";
				INFOPLIST_FILE = "MembershipCard/MembershipCard-Info.plist";
				PRODUCT_NAME = "$(TARGET_NAME)";
				WRAPPER_EXTENSION = app;
			};
			name = Release;
		};
		02ADE035190D8B3E00FC617F /* Debug */ = {
			isa = XCBuildConfiguration;
			buildSettings = {
				BUNDLE_LOADER = "$(BUILT_PRODUCTS_DIR)/MembershipCard.app/MembershipCard";
				FRAMEWORK_SEARCH_PATHS = (
					"$(SDKROOT)/Developer/Library/Frameworks",
					"$(inherited)",
					"$(DEVELOPER_FRAMEWORKS_DIR)",
				);
				GCC_PRECOMPILE_PREFIX_HEADER = YES;
				GCC_PREFIX_HEADER = "MembershipCard/MembershipCard-Prefix.pch";
				GCC_PREPROCESSOR_DEFINITIONS = (
					"DEBUG=1",
					"$(inherited)",
				);
				INFOPLIST_FILE = "MembershipCardTests/MembershipCardTests-Info.plist";
				PRODUCT_NAME = "$(TARGET_NAME)";
				TEST_HOST = "$(BUNDLE_LOADER)";
				WRAPPER_EXTENSION = xctest;
			};
			name = Debug;
		};
		02ADE036190D8B3E00FC617F /* Release */ = {
			isa = XCBuildConfiguration;
			buildSettings = {
				BUNDLE_LOADER = "$(BUILT_PRODUCTS_DIR)/MembershipCard.app/MembershipCard";
				FRAMEWORK_SEARCH_PATHS = (
					"$(SDKROOT)/Developer/Library/Frameworks",
					"$(inherited)",
					"$(DEVELOPER_FRAMEWORKS_DIR)",
				);
				GCC_PRECOMPILE_PREFIX_HEADER = YES;
				GCC_PREFIX_HEADER = "MembershipCard/MembershipCard-Prefix.pch";
				INFOPLIST_FILE = "MembershipCardTests/MembershipCardTests-Info.plist";
				PRODUCT_NAME = "$(TARGET_NAME)";
				TEST_HOST = "$(BUNDLE_LOADER)";
				WRAPPER_EXTENSION = xctest;
			};
			name = Release;
		};
/* End XCBuildConfiguration section */

/* Begin XCConfigurationList section */
		02ADDFFA190D8B3E00FC617F /* Build configuration list for PBXProject "MembershipCard" */ = {
			isa = XCConfigurationList;
			buildConfigurations = (
				02ADE02F190D8B3E00FC617F /* Debug */,
				02ADE030190D8B3E00FC617F /* Release */,
			);
			defaultConfigurationIsVisible = 0;
			defaultConfigurationName = Release;
		};
		02ADE031190D8B3E00FC617F /* Build configuration list for PBXNativeTarget "MembershipCard" */ = {
			isa = XCConfigurationList;
			buildConfigurations = (
				02ADE032190D8B3E00FC617F /* Debug */,
				02ADE033190D8B3E00FC617F /* Release */,
			);
			defaultConfigurationIsVisible = 0;
			defaultConfigurationName = Release;
		};
		02ADE034190D8B3E00FC617F /* Build configuration list for PBXNativeTarget "MembershipCardTests" */ = {
			isa = XCConfigurationList;
			buildConfigurations = (
				02ADE035190D8B3E00FC617F /* Debug */,
				02ADE036190D8B3E00FC617F /* Release */,
			);
			defaultConfigurationIsVisible = 0;
			defaultConfigurationName = Release;
		};
/* End XCConfigurationList section */

/* Begin XCVersionGroup section */
		02BE72691923F84B00A14D36 /* Model.xcdatamodeld */ = {
			isa = XCVersionGroup;
			children = (
				02BE726A1923F84B00A14D36 /* Model.xcdatamodel */,
			);
			currentVersion = 02BE726A1923F84B00A14D36 /* Model.xcdatamodel */;
			path = Model.xcdatamodeld;
			sourceTree = "<group>";
			versionGroupType = wrapper.xcdatamodel;
		};
/* End XCVersionGroup section */
	};
	rootObject = 02ADDFF7190D8B3E00FC617F /* Project object */;
}
